// !$*UTF8*$!
{
	archiveVersion = 1;
	classes = {
	};
	objectVersion = 46;
	objects = {

/* Begin PBXBuildFile section */
		6F8F6FCC1CDA2D4600842B1F /* AppDelegate.swift in Sources */ = {isa = PBXBuildFile; fileRef = 6F8F6FCB1CDA2D4600842B1F /* AppDelegate.swift */; };
		6F8F6FCE1CDA2D4600842B1F /* ViewController.swift in Sources */ = {isa = PBXBuildFile; fileRef = 6F8F6FCD1CDA2D4600842B1F /* ViewController.swift */; };
		6F8F6FD11CDA2D4600842B1F /* Main.storyboard in Resources */ = {isa = PBXBuildFile; fileRef = 6F8F6FCF1CDA2D4600842B1F /* Main.storyboard */; };
		6F8F6FD41CDA2D4600842B1F /* Foodiary.xcdatamodeld in Sources */ = {isa = PBXBuildFile; fileRef = 6F8F6FD21CDA2D4600842B1F /* Foodiary.xcdatamodeld */; };
		6F8F6FD61CDA2D4600842B1F /* Assets.xcassets in Resources */ = {isa = PBXBuildFile; fileRef = 6F8F6FD51CDA2D4600842B1F /* Assets.xcassets */; };
		6F8F6FD91CDA2D4600842B1F /* LaunchScreen.storyboard in Resources */ = {isa = PBXBuildFile; fileRef = 6F8F6FD71CDA2D4600842B1F /* LaunchScreen.storyboard */; };
		6F8F6FE41CDA2D4600842B1F /* FoodiaryTests.swift in Sources */ = {isa = PBXBuildFile; fileRef = 6F8F6FE31CDA2D4600842B1F /* FoodiaryTests.swift */; };
		6F8F6FEF1CDA2D4600842B1F /* FoodiaryUITests.swift in Sources */ = {isa = PBXBuildFile; fileRef = 6F8F6FEE1CDA2D4600842B1F /* FoodiaryUITests.swift */; };
/* End PBXBuildFile section */

/* Begin PBXContainerItemProxy section */
		6F8F6FE01CDA2D4600842B1F /* PBXContainerItemProxy */ = {
			isa = PBXContainerItemProxy;
			containerPortal = 6F8F6FC01CDA2D4600842B1F /* Project object */;
			proxyType = 1;
			remoteGlobalIDString = 6F8F6FC71CDA2D4600842B1F;
			remoteInfo = Foodiary;
		};
		6F8F6FEB1CDA2D4600842B1F /* PBXContainerItemProxy */ = {
			isa = PBXContainerItemProxy;
			containerPortal = 6F8F6FC01CDA2D4600842B1F /* Project object */;
			proxyType = 1;
			remoteGlobalIDString = 6F8F6FC71CDA2D4600842B1F;
			remoteInfo = Foodiary;
		};
/* End PBXContainerItemProxy section */

/* Begin PBXFileReference section */
		6F8F6FC81CDA2D4600842B1F /* Foodiary.app */ = {isa = PBXFileReference; explicitFileType = wrapper.application; includeInIndex = 0; path = Foodiary.app; sourceTree = BUILT_PRODUCTS_DIR; };
		6F8F6FCB1CDA2D4600842B1F /* AppDelegate.swift */ = {isa = PBXFileReference; lastKnownFileType = sourcecode.swift; path = AppDelegate.swift; sourceTree = "<group>"; };
		6F8F6FCD1CDA2D4600842B1F /* ViewController.swift */ = {isa = PBXFileReference; lastKnownFileType = sourcecode.swift; path = ViewController.swift; sourceTree = "<group>"; };
		6F8F6FD01CDA2D4600842B1F /* Base */ = {isa = PBXFileReference; lastKnownFileType = file.storyboard; name = Base; path = Base.lproj/Main.storyboard; sourceTree = "<group>"; };
		6F8F6FD31CDA2D4600842B1F /* Foodiary.xcdatamodel */ = {isa = PBXFileReference; lastKnownFileType = wrapper.xcdatamodel; path = Foodiary.xcdatamodel; sourceTree = "<group>"; };
		6F8F6FD51CDA2D4600842B1F /* Assets.xcassets */ = {isa = PBXFileReference; lastKnownFileType = folder.assetcatalog; path = Assets.xcassets; sourceTree = "<group>"; };
		6F8F6FD81CDA2D4600842B1F /* Base */ = {isa = PBXFileReference; lastKnownFileType = file.storyboard; name = Base; path = Base.lproj/LaunchScreen.storyboard; sourceTree = "<group>"; };
		6F8F6FDA1CDA2D4600842B1F /* Info.plist */ = {isa = PBXFileReference; lastKnownFileType = text.plist.xml; path = Info.plist; sourceTree = "<group>"; };
		6F8F6FDF1CDA2D4600842B1F /* FoodiaryTests.xctest */ = {isa = PBXFileReference; explicitFileType = wrapper.cfbundle; includeInIndex = 0; path = FoodiaryTests.xctest; sourceTree = BUILT_PRODUCTS_DIR; };
		6F8F6FE31CDA2D4600842B1F /* FoodiaryTests.swift */ = {isa = PBXFileReference; lastKnownFileType = sourcecode.swift; path = FoodiaryTests.swift; sourceTree = "<group>"; };
		6F8F6FE51CDA2D4600842B1F /* Info.plist */ = {isa = PBXFileReference; lastKnownFileType = text.plist.xml; path = Info.plist; sourceTree = "<group>"; };
		6F8F6FEA1CDA2D4600842B1F /* FoodiaryUITests.xctest */ = {isa = PBXFileReference; explicitFileType = wrapper.cfbundle; includeInIndex = 0; path = FoodiaryUITests.xctest; sourceTree = BUILT_PRODUCTS_DIR; };
		6F8F6FEE1CDA2D4600842B1F /* FoodiaryUITests.swift */ = {isa = PBXFileReference; lastKnownFileType = sourcecode.swift; path = FoodiaryUITests.swift; sourceTree = "<group>"; };
		6F8F6FF01CDA2D4600842B1F /* Info.plist */ = {isa = PBXFileReference; lastKnownFileType = text.plist.xml; path = Info.plist; sourceTree = "<group>"; };
/* End PBXFileReference section */

/* Begin PBXFrameworksBuildPhase section */
		6F8F6FC51CDA2D4600842B1F /* Frameworks */ = {
			isa = PBXFrameworksBuildPhase;
			buildActionMask = 2147483647;
			files = (
			);
			runOnlyForDeploymentPostprocessing = 0;
		};
		6F8F6FDC1CDA2D4600842B1F /* Frameworks */ = {
			isa = PBXFrameworksBuildPhase;
			buildActionMask = 2147483647;
			files = (
			);
			runOnlyForDeploymentPostprocessing = 0;
		};
		6F8F6FE71CDA2D4600842B1F /* Frameworks */ = {
			isa = PBXFrameworksBuildPhase;
			buildActionMask = 2147483647;
			files = (
			);
			runOnlyForDeploymentPostprocessing = 0;
		};
/* End PBXFrameworksBuildPhase section */

/* Begin PBXGroup section */
		6F8F6FBF1CDA2D4600842B1F = {
			isa = PBXGroup;
			children = (
				6F8F6FCA1CDA2D4600842B1F /* Foodiary */,
				6F8F6FE21CDA2D4600842B1F /* FoodiaryTests */,
				6F8F6FED1CDA2D4600842B1F /* FoodiaryUITests */,
				6F8F6FC91CDA2D4600842B1F /* Products */,
			);
			sourceTree = "<group>";
		};
		6F8F6FC91CDA2D4600842B1F /* Products */ = {
			isa = PBXGroup;
			children = (
				6F8F6FC81CDA2D4600842B1F /* Foodiary.app */,
				6F8F6FDF1CDA2D4600842B1F /* FoodiaryTests.xctest */,
				6F8F6FEA1CDA2D4600842B1F /* FoodiaryUITests.xctest */,
			);
			name = Products;
			sourceTree = "<group>";
		};
		6F8F6FCA1CDA2D4600842B1F /* Foodiary */ = {
			isa = PBXGroup;
			children = (
				6F8F6FCB1CDA2D4600842B1F /* AppDelegate.swift */,
				6F8F6FCD1CDA2D4600842B1F /* ViewController.swift */,
				6F8F6FCF1CDA2D4600842B1F /* Main.storyboard */,
				6F8F6FD51CDA2D4600842B1F /* Assets.xcassets */,
				6F8F6FD71CDA2D4600842B1F /* LaunchScreen.storyboard */,
				6F8F6FDA1CDA2D4600842B1F /* Info.plist */,
				6F8F6FD21CDA2D4600842B1F /* Foodiary.xcdatamodeld */,
			);
			path = Foodiary;
			sourceTree = "<group>";
		};
		6F8F6FE21CDA2D4600842B1F /* FoodiaryTests */ = {
			isa = PBXGroup;
			children = (
				6F8F6FE31CDA2D4600842B1F /* FoodiaryTests.swift */,
				6F8F6FE51CDA2D4600842B1F /* Info.plist */,
			);
			path = FoodiaryTests;
			sourceTree = "<group>";
		};
		6F8F6FED1CDA2D4600842B1F /* FoodiaryUITests */ = {
			isa = PBXGroup;
			children = (
				6F8F6FEE1CDA2D4600842B1F /* FoodiaryUITests.swift */,
				6F8F6FF01CDA2D4600842B1F /* Info.plist */,
			);
			path = FoodiaryUITests;
			sourceTree = "<group>";
		};
/* End PBXGroup section */

/* Begin PBXNativeTarget section */
		6F8F6FC71CDA2D4600842B1F /* Foodiary */ = {
			isa = PBXNativeTarget;
			buildConfigurationList = 6F8F6FF31CDA2D4600842B1F /* Build configuration list for PBXNativeTarget "Foodiary" */;
			buildPhases = (
				6F8F6FC41CDA2D4600842B1F /* Sources */,
				6F8F6FC51CDA2D4600842B1F /* Frameworks */,
				6F8F6FC61CDA2D4600842B1F /* Resources */,
			);
			buildRules = (
			);
			dependencies = (
			);
			name = Foodiary;
			productName = Foodiary;
			productReference = 6F8F6FC81CDA2D4600842B1F /* Foodiary.app */;
			productType = "com.apple.product-type.application";
		};
		6F8F6FDE1CDA2D4600842B1F /* FoodiaryTests */ = {
			isa = PBXNativeTarget;
			buildConfigurationList = 6F8F6FF61CDA2D4600842B1F /* Build configuration list for PBXNativeTarget "FoodiaryTests" */;
			buildPhases = (
				6F8F6FDB1CDA2D4600842B1F /* Sources */,
				6F8F6FDC1CDA2D4600842B1F /* Frameworks */,
				6F8F6FDD1CDA2D4600842B1F /* Resources */,
			);
			buildRules = (
			);
			dependencies = (
				6F8F6FE11CDA2D4600842B1F /* PBXTargetDependency */,
			);
			name = FoodiaryTests;
			productName = FoodiaryTests;
			productReference = 6F8F6FDF1CDA2D4600842B1F /* FoodiaryTests.xctest */;
			productType = "com.apple.product-type.bundle.unit-test";
		};
		6F8F6FE91CDA2D4600842B1F /* FoodiaryUITests */ = {
			isa = PBXNativeTarget;
			buildConfigurationList = 6F8F6FF91CDA2D4600842B1F /* Build configuration list for PBXNativeTarget "FoodiaryUITests" */;
			buildPhases = (
				6F8F6FE61CDA2D4600842B1F /* Sources */,
				6F8F6FE71CDA2D4600842B1F /* Frameworks */,
				6F8F6FE81CDA2D4600842B1F /* Resources */,
			);
			buildRules = (
			);
			dependencies = (
				6F8F6FEC1CDA2D4600842B1F /* PBXTargetDependency */,
			);
			name = FoodiaryUITests;
			productName = FoodiaryUITests;
			productReference = 6F8F6FEA1CDA2D4600842B1F /* FoodiaryUITests.xctest */;
			productType = "com.apple.product-type.bundle.ui-testing";
		};
/* End PBXNativeTarget section */

/* Begin PBXProject section */
		6F8F6FC01CDA2D4600842B1F /* Project object */ = {
			isa = PBXProject;
			attributes = {
				LastSwiftUpdateCheck = 0720;
				LastUpgradeCheck = 0720;
				ORGANIZATIONNAME = "2016 S2 FIT4039";
				TargetAttributes = {
					6F8F6FC71CDA2D4600842B1F = {
						CreatedOnToolsVersion = 7.2.1;
						DevelopmentTeam = ZTJ75QNY6W;
					};
					6F8F6FDE1CDA2D4600842B1F = {
						CreatedOnToolsVersion = 7.2.1;
						DevelopmentTeam = ZTJ75QNY6W;
						TestTargetID = 6F8F6FC71CDA2D4600842B1F;
					};
					6F8F6FE91CDA2D4600842B1F = {
						CreatedOnToolsVersion = 7.2.1;
						DevelopmentTeam = ZTJ75QNY6W;
						TestTargetID = 6F8F6FC71CDA2D4600842B1F;
					};
				};
			};
			buildConfigurationList = 6F8F6FC31CDA2D4600842B1F /* Build configuration list for PBXProject "Foodiary" */;
			compatibilityVersion = "Xcode 3.2";
			developmentRegion = English;
			hasScannedForEncodings = 0;
			knownRegions = (
				en,
				Base,
			);
			mainGroup = 6F8F6FBF1CDA2D4600842B1F;
			productRefGroup = 6F8F6FC91CDA2D4600842B1F /* Products */;
			projectDirPath = "";
			projectRoot = "";
			targets = (
				6F8F6FC71CDA2D4600842B1F /* Foodiary */,
				6F8F6FDE1CDA2D4600842B1F /* FoodiaryTests */,
				6F8F6FE91CDA2D4600842B1F /* FoodiaryUITests */,
			);
		};
/* End PBXProject section */

/* Begin PBXResourcesBuildPhase section */
		6F8F6FC61CDA2D4600842B1F /* Resources */ = {
			isa = PBXResourcesBuildPhase;
			buildActionMask = 2147483647;
			files = (
				6F8F6FD91CDA2D4600842B1F /* LaunchScreen.storyboard in Resources */,
				6F8F6FD61CDA2D4600842B1F /* Assets.xcassets in Resources */,
				6F8F6FD11CDA2D4600842B1F /* Main.storyboard in Resources */,
			);
			runOnlyForDeploymentPostprocessing = 0;
		};
		6F8F6FDD1CDA2D4600842B1F /* Resources */ = {
			isa = PBXResourcesBuildPhase;
			buildActionMask = 2147483647;
			files = (
			);
			runOnlyForDeploymentPostprocessing = 0;
		};
		6F8F6FE81CDA2D4600842B1F /* Resources */ = {
			isa = PBXResourcesBuildPhase;
			buildActionMask = 2147483647;
			files = (
			);
			runOnlyForDeploymentPostprocessing = 0;
		};
/* End PBXResourcesBuildPhase section */

/* Begin PBXSourcesBuildPhase section */
		6F8F6FC41CDA2D4600842B1F /* Sources */ = {
			isa = PBXSourcesBuildPhase;
			buildActionMask = 2147483647;
			files = (
				6F8F6FCE1CDA2D4600842B1F /* ViewController.swift in Sources */,
				6F8F6FCC1CDA2D4600842B1F /* AppDelegate.swift in Sources */,
				6F8F6FD41CDA2D4600842B1F /* Foodiary.xcdatamodeld in Sources */,
			);
			runOnlyForDeploymentPostprocessing = 0;
		};
		6F8F6FDB1CDA2D4600842B1F /* Sources */ = {
			isa = PBXSourcesBuildPhase;
			buildActionMask = 2147483647;
			files = (
				6F8F6FE41CDA2D4600842B1F /* FoodiaryTests.swift in Sources */,
			);
			runOnlyForDeploymentPostprocessing = 0;
		};
		6F8F6FE61CDA2D4600842B1F /* Sources */ = {
			isa = PBXSourcesBuildPhase;
			buildActionMask = 2147483647;
			files = (
				6F8F6FEF1CDA2D4600842B1F /* FoodiaryUITests.swift in Sources */,
			);
			runOnlyForDeploymentPostprocessing = 0;
		};
/* End PBXSourcesBuildPhase section */

/* Begin PBXTargetDependency section */
		6F8F6FE11CDA2D4600842B1F /* PBXTargetDependency */ = {
			isa = PBXTargetDependency;
			target = 6F8F6FC71CDA2D4600842B1F /* Foodiary */;
			targetProxy = 6F8F6FE01CDA2D4600842B1F /* PBXContainerItemProxy */;
		};
		6F8F6FEC1CDA2D4600842B1F /* PBXTargetDependency */ = {
			isa = PBXTargetDependency;
			target = 6F8F6FC71CDA2D4600842B1F /* Foodiary */;
			targetProxy = 6F8F6FEB1CDA2D4600842B1F /* PBXContainerItemProxy */;
		};
/* End PBXTargetDependency section */

/* Begin PBXVariantGroup section */
		6F8F6FCF1CDA2D4600842B1F /* Main.storyboard */ = {
			isa = PBXVariantGroup;
			children = (
				6F8F6FD01CDA2D4600842B1F /* Base */,
			);
			name = Main.storyboard;
			sourceTree = "<group>";
		};
		6F8F6FD71CDA2D4600842B1F /* LaunchScreen.storyboard */ = {
			isa = PBXVariantGroup;
			children = (
				6F8F6FD81CDA2D4600842B1F /* Base */,
			);
			name = LaunchScreen.storyboard;
			sourceTree = "<group>";
		};
/* End PBXVariantGroup section */

/* Begin XCBuildConfiguration section */
		6F8F6FF11CDA2D4600842B1F /* Debug */ = {
			isa = XCBuildConfiguration;
			buildSettings = {
				ALWAYS_SEARCH_USER_PATHS = NO;
				CLANG_CXX_LANGUAGE_STANDARD = "gnu++0x";
				CLANG_CXX_LIBRARY = "libc++";
				CLANG_ENABLE_MODULES = YES;
				CLANG_ENABLE_OBJC_ARC = YES;
				CLANG_WARN_BOOL_CONVERSION = YES;
				CLANG_WARN_CONSTANT_CONVERSION = YES;
				CLANG_WARN_DIRECT_OBJC_ISA_USAGE = YES_ERROR;
				CLANG_WARN_EMPTY_BODY = YES;
				CLANG_WARN_ENUM_CONVERSION = YES;
				CLANG_WARN_INT_CONVERSION = YES;
				CLANG_WARN_OBJC_ROOT_CLASS = YES_ERROR;
				CLANG_WARN_UNREACHABLE_CODE = YES;
				CLANG_WARN__DUPLICATE_METHOD_MATCH = YES;
				"CODE_SIGN_IDENTITY[sdk=iphoneos*]" = "iPhone Developer";
				COPY_PHASE_STRIP = NO;
				DEBUG_INFORMATION_FORMAT = dwarf;
				ENABLE_STRICT_OBJC_MSGSEND = YES;
				ENABLE_TESTABILITY = YES;
				GCC_C_LANGUAGE_STANDARD = gnu99;
				GCC_DYNAMIC_NO_PIC = NO;
				GCC_NO_COMMON_BLOCKS = YES;
				GCC_OPTIMIZATION_LEVEL = 0;
				GCC_PREPROCESSOR_DEFINITIONS = (
					"DEBUG=1",
					"$(inherited)",
				);
				GCC_WARN_64_TO_32_BIT_CONVERSION = YES;
				GCC_WARN_ABOUT_RETURN_TYPE = YES_ERROR;
				GCC_WARN_UNDECLARED_SELECTOR = YES;
				GCC_WARN_UNINITIALIZED_AUTOS = YES_AGGRESSIVE;
				GCC_WARN_UNUSED_FUNCTION = YES;
				GCC_WARN_UNUSED_VARIABLE = YES;
				IPHONEOS_DEPLOYMENT_TARGET = 9.2;
				MTL_ENABLE_DEBUG_INFO = YES;
				ONLY_ACTIVE_ARCH = YES;
				SDKROOT = iphoneos;
				SWIFT_OPTIMIZATION_LEVEL = "-Onone";
			};
			name = Debug;
		};
		6F8F6FF21CDA2D4600842B1F /* Release */ = {
			isa = XCBuildConfiguration;
			buildSettings = {
				ALWAYS_SEARCH_USER_PATHS = NO;
				CLANG_CXX_LANGUAGE_STANDARD = "gnu++0x";
				CLANG_CXX_LIBRARY = "libc++";
				CLANG_ENABLE_MODULES = YES;
				CLANG_ENABLE_OBJC_ARC = YES;
				CLANG_WARN_BOOL_CONVERSION = YES;
				CLANG_WARN_CONSTANT_CONVERSION = YES;
				CLANG_WARN_DIRECT_OBJC_ISA_USAGE = YES_ERROR;
				CLANG_WARN_EMPTY_BODY = YES;
				CLANG_WARN_ENUM_CONVERSION = YES;
				CLANG_WARN_INT_CONVERSION = YES;
				CLANG_WARN_OBJC_ROOT_CLASS = YES_ERROR;
				CLANG_WARN_UNREACHABLE_CODE = YES;
				CLANG_WARN__DUPLICATE_METHOD_MATCH = YES;
				"CODE_SIGN_IDENTITY[sdk=iphoneos*]" = "iPhone Developer";
				COPY_PHASE_STRIP = NO;
				DEBUG_INFORMATION_FORMAT = "dwarf-with-dsym";
				ENABLE_NS_ASSERTIONS = NO;
				ENABLE_STRICT_OBJC_MSGSEND = YES;
				GCC_C_LANGUAGE_STANDARD = gnu99;
				GCC_NO_COMMON_BLOCKS = YES;
				GCC_WARN_64_TO_32_BIT_CONVERSION = YES;
				GCC_WARN_ABOUT_RETURN_TYPE = YES_ERROR;
				GCC_WARN_UNDECLARED_SELECTOR = YES;
				GCC_WARN_UNINITIALIZED_AUTOS = YES_AGGRESSIVE;
				GCC_WARN_UNUSED_FUNCTION = YES;
				GCC_WARN_UNUSED_VARIABLE = YES;
				IPHONEOS_DEPLOYMENT_TARGET = 9.2;
				MTL_ENABLE_DEBUG_INFO = NO;
				SDKROOT = iphoneos;
				VALIDATE_PRODUCT = YES;
			};
			name = Release;
		};
		6F8F6FF41CDA2D4600842B1F /* Debug */ = {
			isa = XCBuildConfiguration;
			buildSettings = {
				ASSETCATALOG_COMPILER_APPICON_NAME = AppIcon;
				INFOPLIST_FILE = Foodiary/Info.plist;
				LD_RUNPATH_SEARCH_PATHS = "$(inherited) @executable_path/Frameworks";
				PRODUCT_BUNDLE_IDENTIFIER = fit4039.Foodiary;
				PRODUCT_NAME = "$(TARGET_NAME)";
			};
			name = Debug;
		};
		6F8F6FF51CDA2D4600842B1F /* Release */ = {
			isa = XCBuildConfiguration;
			buildSettings = {
				ASSETCATALOG_COMPILER_APPICON_NAME = AppIcon;
				INFOPLIST_FILE = Foodiary/Info.plist;
				LD_RUNPATH_SEARCH_PATHS = "$(inherited) @executable_path/Frameworks";
				PRODUCT_BUNDLE_IDENTIFIER = fit4039.Foodiary;
				PRODUCT_NAME = "$(TARGET_NAME)";
			};
			name = Release;
		};
		6F8F6FF71CDA2D4600842B1F /* Debug */ = {
			isa = XCBuildConfiguration;
			buildSettings = {
				BUNDLE_LOADER = "$(TEST_HOST)";
				INFOPLIST_FILE = FoodiaryTests/Info.plist;
				LD_RUNPATH_SEARCH_PATHS = "$(inherited) @executable_path/Frameworks @loader_path/Frameworks";
				PRODUCT_BUNDLE_IDENTIFIER = fit4039.FoodiaryTests;
				PRODUCT_NAME = "$(TARGET_NAME)";
				TEST_HOST = "$(BUILT_PRODUCTS_DIR)/Foodiary.app/Foodiary";
			};
			name = Debug;
		};
		6F8F6FF81CDA2D4600842B1F /* Release */ = {
			isa = XCBuildConfiguration;
			buildSettings = {
				BUNDLE_LOADER = "$(TEST_HOST)";
				INFOPLIST_FILE = FoodiaryTests/Info.plist;
				LD_RUNPATH_SEARCH_PATHS = "$(inherited) @executable_path/Frameworks @loader_path/Frameworks";
				PRODUCT_BUNDLE_IDENTIFIER = fit4039.FoodiaryTests;
				PRODUCT_NAME = "$(TARGET_NAME)";
				TEST_HOST = "$(BUILT_PRODUCTS_DIR)/Foodiary.app/Foodiary";
			};
			name = Release;
		};
		6F8F6FFA1CDA2D4600842B1F /* Debug */ = {
			isa = XCBuildConfiguration;
			buildSettings = {
				INFOPLIST_FILE = FoodiaryUITests/Info.plist;
				LD_RUNPATH_SEARCH_PATHS = "$(inherited) @executable_path/Frameworks @loader_path/Frameworks";
				PRODUCT_BUNDLE_IDENTIFIER = fit4039.FoodiaryUITests;
				PRODUCT_NAME = "$(TARGET_NAME)";
				TEST_TARGET_NAME = Foodiary;
				USES_XCTRUNNER = YES;
			};
			name = Debug;
		};
		6F8F6FFB1CDA2D4600842B1F /* Release */ = {
			isa = XCBuildConfiguration;
			buildSettings = {
				INFOPLIST_FILE = FoodiaryUITests/Info.plist;
				LD_RUNPATH_SEARCH_PATHS = "$(inherited) @executable_path/Frameworks @loader_path/Frameworks";
				PRODUCT_BUNDLE_IDENTIFIER = fit4039.FoodiaryUITests;
				PRODUCT_NAME = "$(TARGET_NAME)";
				TEST_TARGET_NAME = Foodiary;
				USES_XCTRUNNER = YES;
			};
			name = Release;
		};
/* End XCBuildConfiguration section */

/* Begin XCConfigurationList section */
		6F8F6FC31CDA2D4600842B1F /* Build configuration list for PBXProject "Foodiary" */ = {
			isa = XCConfigurationList;
			buildConfigurations = (
				6F8F6FF11CDA2D4600842B1F /* Debug */,
				6F8F6FF21CDA2D4600842B1F /* Release */,
			);
			defaultConfigurationIsVisible = 0;
			defaultConfigurationName = Release;
		};
		6F8F6FF31CDA2D4600842B1F /* Build configuration list for PBXNativeTarget "Foodiary" */ = {
			isa = XCConfigurationList;
			buildConfigurations = (
				6F8F6FF41CDA2D4600842B1F /* Debug */,
				6F8F6FF51CDA2D4600842B1F /* Release */,
			);
			defaultConfigurationIsVisible = 0;
		};
		6F8F6FF61CDA2D4600842B1F /* Build configuration list for PBXNativeTarget "FoodiaryTests" */ = {
			isa = XCConfigurationList;
			buildConfigurations = (
				6F8F6FF71CDA2D4600842B1F /* Debug */,
				6F8F6FF81CDA2D4600842B1F /* Release */,
			);
			defaultConfigurationIsVisible = 0;
		};
		6F8F6FF91CDA2D4600842B1F /* Build configuration list for PBXNativeTarget "FoodiaryUITests" */ = {
			isa = XCConfigurationList;
			buildConfigurations = (
				6F8F6FFA1CDA2D4600842B1F /* Debug */,
				6F8F6FFB1CDA2D4600842B1F /* Release */,
			);
			defaultConfigurationIsVisible = 0;
		};
/* End XCConfigurationList section */

/* Begin XCVersionGroup section */
		6F8F6FD21CDA2D4600842B1F /* Foodiary.xcdatamodeld */ = {
			isa = XCVersionGroup;
			children = (
				6F8F6FD31CDA2D4600842B1F /* Foodiary.xcdatamodel */,
			);
			currentVersion = 6F8F6FD31CDA2D4600842B1F /* Foodiary.xcdatamodel */;
			path = Foodiary.xcdatamodeld;
			sourceTree = "<group>";
			versionGroupType = wrapper.xcdatamodel;
		};
/* End XCVersionGroup section */
	};
	rootObject = 6F8F6FC01CDA2D4600842B1F /* Project object */;
}
